// !$*UTF8*$!
{
	archiveVersion = 1;
	classes = {
	};
	objectVersion = 56;
	objects = {

/* Begin PBXBuildFile section */
		96401DE72AF4153D00B3AB8E /* AppDelegate.swift in Sources */ = {isa = PBXBuildFile; fileRef = 96401DE62AF4153D00B3AB8E /* AppDelegate.swift */; };
		96401DE92AF4153D00B3AB8E /* SceneDelegate.swift in Sources */ = {isa = PBXBuildFile; fileRef = 96401DE82AF4153D00B3AB8E /* SceneDelegate.swift */; };
		96401DEB2AF4153D00B3AB8E /* ViewController.swift in Sources */ = {isa = PBXBuildFile; fileRef = 96401DEA2AF4153D00B3AB8E /* ViewController.swift */; };
		96401DF02AF4153E00B3AB8E /* Assets.xcassets in Resources */ = {isa = PBXBuildFile; fileRef = 96401DEF2AF4153E00B3AB8E /* Assets.xcassets */; };
		96401DF32AF4153E00B3AB8E /* LaunchScreen.storyboard in Resources */ = {isa = PBXBuildFile; fileRef = 96401DF12AF4153E00B3AB8E /* LaunchScreen.storyboard */; };
		968261E72AF6E5780094F8A9 /* Student.swift in Sources */ = {isa = PBXBuildFile; fileRef = 968261E62AF6E5780094F8A9 /* Student.swift */; };
		968261E92AF6F3810094F8A9 /* StudentInfoTableViewCell.swift in Sources */ = {isa = PBXBuildFile; fileRef = 968261E82AF6F3810094F8A9 /* StudentInfoTableViewCell.swift */; };
		968261EB2AF6F5360094F8A9 /* ItemList.swift in Sources */ = {isa = PBXBuildFile; fileRef = 968261EA2AF6F5360094F8A9 /* ItemList.swift */; };
		96917E3E2AF6A6D1006E548C /* InfoViewController.swift in Sources */ = {isa = PBXBuildFile; fileRef = 96917E3D2AF6A6D1006E548C /* InfoViewController.swift */; };
		96A467E62AF41EEF004A80C2 /* MainAppTabBarViewController.swift in Sources */ = {isa = PBXBuildFile; fileRef = 96A467E52AF41EEF004A80C2 /* MainAppTabBarViewController.swift */; };
		96A467E92AF43A54004A80C2 /* DogCollectionViewController.swift in Sources */ = {isa = PBXBuildFile; fileRef = 96A467E82AF43A54004A80C2 /* DogCollectionViewController.swift */; };
		96A467ED2AF43B86004A80C2 /* Dog.swift in Sources */ = {isa = PBXBuildFile; fileRef = 96A467EC2AF43B86004A80C2 /* Dog.swift */; };
		96A467EF2AF43B97004A80C2 /* DogService.swift in Sources */ = {isa = PBXBuildFile; fileRef = 96A467EE2AF43B97004A80C2 /* DogService.swift */; };
		96A467F12AF43BC0004A80C2 /* Breed.swift in Sources */ = {isa = PBXBuildFile; fileRef = 96A467F02AF43BC0004A80C2 /* Breed.swift */; };
		96A467F42AF43C65004A80C2 /* DogResponse.swift in Sources */ = {isa = PBXBuildFile; fileRef = 96A467F32AF43C65004A80C2 /* DogResponse.swift */; };
		96A467F62AF43D08004A80C2 /* DogCollectionViewCell.swift in Sources */ = {isa = PBXBuildFile; fileRef = 96A467F52AF43D08004A80C2 /* DogCollectionViewCell.swift */; };
		96A467F82AF43D61004A80C2 /* ImageManager.swift in Sources */ = {isa = PBXBuildFile; fileRef = 96A467F72AF43D61004A80C2 /* ImageManager.swift */; };
		96A467FB2AF43DD2004A80C2 /* DogDetailViewController.swift in Sources */ = {isa = PBXBuildFile; fileRef = 96A467FA2AF43DD2004A80C2 /* DogDetailViewController.swift */; };
		96A467FF2AF43FB8004A80C2 /* UIImageView.swift in Sources */ = {isa = PBXBuildFile; fileRef = 96A467FE2AF43FB8004A80C2 /* UIImageView.swift */; };
		96A6CFBE2AF4797F00890ED8 /* Weight.swift in Sources */ = {isa = PBXBuildFile; fileRef = 96A6CFBD2AF4797F00890ED8 /* Weight.swift */; };
		96A6CFC02AF47A0700890ED8 /* Height.swift in Sources */ = {isa = PBXBuildFile; fileRef = 96A6CFBF2AF47A0700890ED8 /* Height.swift */; };
/* End PBXBuildFile section */

/* Begin PBXFileReference section */
		96401DE32AF4153D00B3AB8E /* dogs-images-api-consumer.app */ = {isa = PBXFileReference; explicitFileType = wrapper.application; includeInIndex = 0; path = "dogs-images-api-consumer.app"; sourceTree = BUILT_PRODUCTS_DIR; };
		96401DE62AF4153D00B3AB8E /* AppDelegate.swift */ = {isa = PBXFileReference; lastKnownFileType = sourcecode.swift; path = AppDelegate.swift; sourceTree = "<group>"; };
		96401DE82AF4153D00B3AB8E /* SceneDelegate.swift */ = {isa = PBXFileReference; lastKnownFileType = sourcecode.swift; path = SceneDelegate.swift; sourceTree = "<group>"; };
		96401DEA2AF4153D00B3AB8E /* ViewController.swift */ = {isa = PBXFileReference; lastKnownFileType = sourcecode.swift; path = ViewController.swift; sourceTree = "<group>"; };
		96401DEF2AF4153E00B3AB8E /* Assets.xcassets */ = {isa = PBXFileReference; lastKnownFileType = folder.assetcatalog; path = Assets.xcassets; sourceTree = "<group>"; };
		96401DF22AF4153E00B3AB8E /* Base */ = {isa = PBXFileReference; lastKnownFileType = file.storyboard; name = Base; path = Base.lproj/LaunchScreen.storyboard; sourceTree = "<group>"; };
		96401DF42AF4153E00B3AB8E /* Info.plist */ = {isa = PBXFileReference; lastKnownFileType = text.plist.xml; path = Info.plist; sourceTree = "<group>"; };
		968261E62AF6E5780094F8A9 /* Student.swift */ = {isa = PBXFileReference; lastKnownFileType = sourcecode.swift; path = Student.swift; sourceTree = "<group>"; };
		968261E82AF6F3810094F8A9 /* StudentInfoTableViewCell.swift */ = {isa = PBXFileReference; lastKnownFileType = sourcecode.swift; path = StudentInfoTableViewCell.swift; sourceTree = "<group>"; };
		968261EA2AF6F5360094F8A9 /* ItemList.swift */ = {isa = PBXFileReference; lastKnownFileType = sourcecode.swift; path = ItemList.swift; sourceTree = "<group>"; };
		96917E3D2AF6A6D1006E548C /* InfoViewController.swift */ = {isa = PBXFileReference; lastKnownFileType = sourcecode.swift; path = InfoViewController.swift; sourceTree = "<group>"; };
		96A467E52AF41EEF004A80C2 /* MainAppTabBarViewController.swift */ = {isa = PBXFileReference; lastKnownFileType = sourcecode.swift; path = MainAppTabBarViewController.swift; sourceTree = "<group>"; };
		96A467E82AF43A54004A80C2 /* DogCollectionViewController.swift */ = {isa = PBXFileReference; lastKnownFileType = sourcecode.swift; path = DogCollectionViewController.swift; sourceTree = "<group>"; };
		96A467EC2AF43B86004A80C2 /* Dog.swift */ = {isa = PBXFileReference; lastKnownFileType = sourcecode.swift; path = Dog.swift; sourceTree = "<group>"; };
		96A467EE2AF43B97004A80C2 /* DogService.swift */ = {isa = PBXFileReference; lastKnownFileType = sourcecode.swift; path = DogService.swift; sourceTree = "<group>"; };
		96A467F02AF43BC0004A80C2 /* Breed.swift */ = {isa = PBXFileReference; lastKnownFileType = sourcecode.swift; path = Breed.swift; sourceTree = "<group>"; };
		96A467F32AF43C65004A80C2 /* DogResponse.swift */ = {isa = PBXFileReference; lastKnownFileType = sourcecode.swift; path = DogResponse.swift; sourceTree = "<group>"; };
		96A467F52AF43D08004A80C2 /* DogCollectionViewCell.swift */ = {isa = PBXFileReference; lastKnownFileType = sourcecode.swift; path = DogCollectionViewCell.swift; sourceTree = "<group>"; };
		96A467F72AF43D61004A80C2 /* ImageManager.swift */ = {isa = PBXFileReference; lastKnownFileType = sourcecode.swift; path = ImageManager.swift; sourceTree = "<group>"; };
		96A467FA2AF43DD2004A80C2 /* DogDetailViewController.swift */ = {isa = PBXFileReference; lastKnownFileType = sourcecode.swift; path = DogDetailViewController.swift; sourceTree = "<group>"; };
		96A467FE2AF43FB8004A80C2 /* UIImageView.swift */ = {isa = PBXFileReference; lastKnownFileType = sourcecode.swift; path = UIImageView.swift; sourceTree = "<group>"; };
		96A6CFBD2AF4797F00890ED8 /* Weight.swift */ = {isa = PBXFileReference; lastKnownFileType = sourcecode.swift; path = Weight.swift; sourceTree = "<group>"; };
		96A6CFBF2AF47A0700890ED8 /* Height.swift */ = {isa = PBXFileReference; lastKnownFileType = sourcecode.swift; path = Height.swift; sourceTree = "<group>"; };
/* End PBXFileReference section */

/* Begin PBXFrameworksBuildPhase section */
		96401DE02AF4153C00B3AB8E /* Frameworks */ = {
			isa = PBXFrameworksBuildPhase;
			buildActionMask = 2147483647;
			files = (
			);
			runOnlyForDeploymentPostprocessing = 0;
		};
/* End PBXFrameworksBuildPhase section */

/* Begin PBXGroup section */
		96401DDA2AF4153C00B3AB8E = {
			isa = PBXGroup;
			children = (
				96401DE52AF4153D00B3AB8E /* dogs-images-api-consumer */,
				96401DE42AF4153D00B3AB8E /* Products */,
			);
			sourceTree = "<group>";
		};
		96401DE42AF4153D00B3AB8E /* Products */ = {
			isa = PBXGroup;
			children = (
				96401DE32AF4153D00B3AB8E /* dogs-images-api-consumer.app */,
			);
			name = Products;
			sourceTree = "<group>";
		};
		96401DE52AF4153D00B3AB8E /* dogs-images-api-consumer */ = {
			isa = PBXGroup;
			children = (
				96A467FC2AF43F13004A80C2 /* Core */,
				96A467F92AF43DB6004A80C2 /* DogDetail */,
				96A467EB2AF43B43004A80C2 /* Models */,
				96A467E32AF41E84004A80C2 /* Screens */,
				96401DE62AF4153D00B3AB8E /* AppDelegate.swift */,
				96401DE82AF4153D00B3AB8E /* SceneDelegate.swift */,
				96401DEA2AF4153D00B3AB8E /* ViewController.swift */,
				96401DEF2AF4153E00B3AB8E /* Assets.xcassets */,
				96401DF12AF4153E00B3AB8E /* LaunchScreen.storyboard */,
				96401DF42AF4153E00B3AB8E /* Info.plist */,
				96A467F72AF43D61004A80C2 /* ImageManager.swift */,
			);
			path = "dogs-images-api-consumer";
			sourceTree = "<group>";
		};
		96917E3C2AF6A69B006E548C /* Info */ = {
			isa = PBXGroup;
			children = (
				96917E3D2AF6A6D1006E548C /* InfoViewController.swift */,
				968261E82AF6F3810094F8A9 /* StudentInfoTableViewCell.swift */,
			);
			path = Info;
			sourceTree = "<group>";
		};
		96A467E32AF41E84004A80C2 /* Screens */ = {
			isa = PBXGroup;
			children = (
				96917E3C2AF6A69B006E548C /* Info */,
				96A467E72AF43A2E004A80C2 /* DogCollection */,
				96A467E42AF41EB6004A80C2 /* Main App */,
			);
			path = Screens;
			sourceTree = "<group>";
		};
		96A467E42AF41EB6004A80C2 /* Main App */ = {
			isa = PBXGroup;
			children = (
				96A467E52AF41EEF004A80C2 /* MainAppTabBarViewController.swift */,
			);
			path = "Main App";
			sourceTree = "<group>";
		};
		96A467E72AF43A2E004A80C2 /* DogCollection */ = {
			isa = PBXGroup;
			children = (
				96A467E82AF43A54004A80C2 /* DogCollectionViewController.swift */,
				96A467F52AF43D08004A80C2 /* DogCollectionViewCell.swift */,
			);
			path = DogCollection;
			sourceTree = "<group>";
		};
		96A467EB2AF43B43004A80C2 /* Models */ = {
			isa = PBXGroup;
			children = (
				96A467EC2AF43B86004A80C2 /* Dog.swift */,
				96A467F02AF43BC0004A80C2 /* Breed.swift */,
				96A467F32AF43C65004A80C2 /* DogResponse.swift */,
				96A6CFBD2AF4797F00890ED8 /* Weight.swift */,
				96A6CFBF2AF47A0700890ED8 /* Height.swift */,
				968261E62AF6E5780094F8A9 /* Student.swift */,
				968261EA2AF6F5360094F8A9 /* ItemList.swift */,
			);
			path = Models;
			sourceTree = "<group>";
		};
		96A467F22AF43C2E004A80C2 /* Networking */ = {
			isa = PBXGroup;
			children = (
				96A467EE2AF43B97004A80C2 /* DogService.swift */,
			);
			path = Networking;
			sourceTree = "<group>";
		};
		96A467F92AF43DB6004A80C2 /* DogDetail */ = {
			isa = PBXGroup;
			children = (
				96A467FA2AF43DD2004A80C2 /* DogDetailViewController.swift */,
			);
			path = DogDetail;
			sourceTree = "<group>";
		};
		96A467FC2AF43F13004A80C2 /* Core */ = {
			isa = PBXGroup;
			children = (
				96A467FD2AF43F61004A80C2 /* Extensions */,
				96A467F22AF43C2E004A80C2 /* Networking */,
			);
			path = Core;
			sourceTree = "<group>";
		};
		96A467FD2AF43F61004A80C2 /* Extensions */ = {
			isa = PBXGroup;
			children = (
				96A467FE2AF43FB8004A80C2 /* UIImageView.swift */,
			);
			path = Extensions;
			sourceTree = "<group>";
		};
/* End PBXGroup section */

/* Begin PBXNativeTarget section */
		96401DE22AF4153C00B3AB8E /* dogs-images-api-consumer */ = {
			isa = PBXNativeTarget;
			buildConfigurationList = 96401DF72AF4153E00B3AB8E /* Build configuration list for PBXNativeTarget "dogs-images-api-consumer" */;
			buildPhases = (
				96401DDF2AF4153C00B3AB8E /* Sources */,
				96401DE02AF4153C00B3AB8E /* Frameworks */,
				96401DE12AF4153C00B3AB8E /* Resources */,
			);
			buildRules = (
			);
			dependencies = (
			);
			name = "dogs-images-api-consumer";
			productName = "dogs-images-api-consumer";
			productReference = 96401DE32AF4153D00B3AB8E /* dogs-images-api-consumer.app */;
			productType = "com.apple.product-type.application";
		};
/* End PBXNativeTarget section */

/* Begin PBXProject section */
		96401DDB2AF4153C00B3AB8E /* Project object */ = {
			isa = PBXProject;
			attributes = {
				BuildIndependentTargetsInParallel = 1;
				LastSwiftUpdateCheck = 1500;
				LastUpgradeCheck = 1500;
				TargetAttributes = {
					96401DE22AF4153C00B3AB8E = {
						CreatedOnToolsVersion = 15.0;
					};
				};
			};
			buildConfigurationList = 96401DDE2AF4153C00B3AB8E /* Build configuration list for PBXProject "dogs-images-api-consumer" */;
			compatibilityVersion = "Xcode 14.0";
			developmentRegion = en;
			hasScannedForEncodings = 0;
			knownRegions = (
				en,
				Base,
			);
			mainGroup = 96401DDA2AF4153C00B3AB8E;
			productRefGroup = 96401DE42AF4153D00B3AB8E /* Products */;
			projectDirPath = "";
			projectRoot = "";
			targets = (
				96401DE22AF4153C00B3AB8E /* dogs-images-api-consumer */,
			);
		};
/* End PBXProject section */

/* Begin PBXResourcesBuildPhase section */
		96401DE12AF4153C00B3AB8E /* Resources */ = {
			isa = PBXResourcesBuildPhase;
			buildActionMask = 2147483647;
			files = (
				96401DF32AF4153E00B3AB8E /* LaunchScreen.storyboard in Resources */,
				96401DF02AF4153E00B3AB8E /* Assets.xcassets in Resources */,
			);
			runOnlyForDeploymentPostprocessing = 0;
		};
/* End PBXResourcesBuildPhase section */

/* Begin PBXSourcesBuildPhase section */
		96401DDF2AF4153C00B3AB8E /* Sources */ = {
			isa = PBXSourcesBuildPhase;
			buildActionMask = 2147483647;
			files = (
				96A467F12AF43BC0004A80C2 /* Breed.swift in Sources */,
				96A467F42AF43C65004A80C2 /* DogResponse.swift in Sources */,
				96A467EF2AF43B97004A80C2 /* DogService.swift in Sources */,
				96A467FF2AF43FB8004A80C2 /* UIImageView.swift in Sources */,
				96401DEB2AF4153D00B3AB8E /* ViewController.swift in Sources */,
				96A6CFBE2AF4797F00890ED8 /* Weight.swift in Sources */,
				968261E72AF6E5780094F8A9 /* Student.swift in Sources */,
				96A467FB2AF43DD2004A80C2 /* DogDetailViewController.swift in Sources */,
				96401DE72AF4153D00B3AB8E /* AppDelegate.swift in Sources */,
				96A467ED2AF43B86004A80C2 /* Dog.swift in Sources */,
				96401DE92AF4153D00B3AB8E /* SceneDelegate.swift in Sources */,
				96A467F62AF43D08004A80C2 /* DogCollectionViewCell.swift in Sources */,
				96A6CFC02AF47A0700890ED8 /* Height.swift in Sources */,
				96A467E62AF41EEF004A80C2 /* MainAppTabBarViewController.swift in Sources */,
				96A467F82AF43D61004A80C2 /* ImageManager.swift in Sources */,
				968261E92AF6F3810094F8A9 /* StudentInfoTableViewCell.swift in Sources */,
				96917E3E2AF6A6D1006E548C /* InfoViewController.swift in Sources */,
				968261EB2AF6F5360094F8A9 /* ItemList.swift in Sources */,
				96A467E92AF43A54004A80C2 /* DogCollectionViewController.swift in Sources */,
			);
			runOnlyForDeploymentPostprocessing = 0;
		};
/* End PBXSourcesBuildPhase section */

/* Begin PBXVariantGroup section */
		96401DF12AF4153E00B3AB8E /* LaunchScreen.storyboard */ = {
			isa = PBXVariantGroup;
			children = (
				96401DF22AF4153E00B3AB8E /* Base */,
			);
			name = LaunchScreen.storyboard;
			sourceTree = "<group>";
		};
/* End PBXVariantGroup section */

/* Begin XCBuildConfiguration section */
		96401DF52AF4153E00B3AB8E /* Debug */ = {
			isa = XCBuildConfiguration;
			buildSettings = {
				ALWAYS_SEARCH_USER_PATHS = NO;
				ASSETCATALOG_COMPILER_GENERATE_SWIFT_ASSET_SYMBOL_EXTENSIONS = YES;
				CLANG_ANALYZER_NONNULL = YES;
				CLANG_ANALYZER_NUMBER_OBJECT_CONVERSION = YES_AGGRESSIVE;
				CLANG_CXX_LANGUAGE_STANDARD = "gnu++20";
				CLANG_ENABLE_MODULES = YES;
				CLANG_ENABLE_OBJC_ARC = YES;
				CLANG_ENABLE_OBJC_WEAK = YES;
				CLANG_WARN_BLOCK_CAPTURE_AUTORELEASING = YES;
				CLANG_WARN_BOOL_CONVERSION = YES;
				CLANG_WARN_COMMA = YES;
				CLANG_WARN_CONSTANT_CONVERSION = YES;
				CLANG_WARN_DEPRECATED_OBJC_IMPLEMENTATIONS = YES;
				CLANG_WARN_DIRECT_OBJC_ISA_USAGE = YES_ERROR;
				CLANG_WARN_DOCUMENTATION_COMMENTS = YES;
				CLANG_WARN_EMPTY_BODY = YES;
				CLANG_WARN_ENUM_CONVERSION = YES;
				CLANG_WARN_INFINITE_RECURSION = YES;
				CLANG_WARN_INT_CONVERSION = YES;
				CLANG_WARN_NON_LITERAL_NULL_CONVERSION = YES;
				CLANG_WARN_OBJC_IMPLICIT_RETAIN_SELF = YES;
				CLANG_WARN_OBJC_LITERAL_CONVERSION = YES;
				CLANG_WARN_OBJC_ROOT_CLASS = YES_ERROR;
				CLANG_WARN_QUOTED_INCLUDE_IN_FRAMEWORK_HEADER = YES;
				CLANG_WARN_RANGE_LOOP_ANALYSIS = YES;
				CLANG_WARN_STRICT_PROTOTYPES = YES;
				CLANG_WARN_SUSPICIOUS_MOVE = YES;
				CLANG_WARN_UNGUARDED_AVAILABILITY = YES_AGGRESSIVE;
				CLANG_WARN_UNREACHABLE_CODE = YES;
				CLANG_WARN__DUPLICATE_METHOD_MATCH = YES;
				COPY_PHASE_STRIP = NO;
				DEBUG_INFORMATION_FORMAT = dwarf;
				ENABLE_STRICT_OBJC_MSGSEND = YES;
				ENABLE_TESTABILITY = YES;
				ENABLE_USER_SCRIPT_SANDBOXING = YES;
				GCC_C_LANGUAGE_STANDARD = gnu17;
				GCC_DYNAMIC_NO_PIC = NO;
				GCC_NO_COMMON_BLOCKS = YES;
				GCC_OPTIMIZATION_LEVEL = 0;
				GCC_PREPROCESSOR_DEFINITIONS = (
					"DEBUG=1",
					"$(inherited)",
				);
				GCC_WARN_64_TO_32_BIT_CONVERSION = YES;
				GCC_WARN_ABOUT_RETURN_TYPE = YES_ERROR;
				GCC_WARN_UNDECLARED_SELECTOR = YES;
				GCC_WARN_UNINITIALIZED_AUTOS = YES_AGGRESSIVE;
				GCC_WARN_UNUSED_FUNCTION = YES;
				GCC_WARN_UNUSED_VARIABLE = YES;
				IPHONEOS_DEPLOYMENT_TARGET = 17.0;
				LOCALIZATION_PREFERS_STRING_CATALOGS = YES;
				MTL_ENABLE_DEBUG_INFO = INCLUDE_SOURCE;
				MTL_FAST_MATH = YES;
				ONLY_ACTIVE_ARCH = YES;
				SDKROOT = iphoneos;
				SWIFT_ACTIVE_COMPILATION_CONDITIONS = "DEBUG $(inherited)";
				SWIFT_OPTIMIZATION_LEVEL = "-Onone";
			};
			name = Debug;
		};
		96401DF62AF4153E00B3AB8E /* Release */ = {
			isa = XCBuildConfiguration;
			buildSettings = {
				ALWAYS_SEARCH_USER_PATHS = NO;
				ASSETCATALOG_COMPILER_GENERATE_SWIFT_ASSET_SYMBOL_EXTENSIONS = YES;
				CLANG_ANALYZER_NONNULL = YES;
				CLANG_ANALYZER_NUMBER_OBJECT_CONVERSION = YES_AGGRESSIVE;
				CLANG_CXX_LANGUAGE_STANDARD = "gnu++20";
				CLANG_ENABLE_MODULES = YES;
				CLANG_ENABLE_OBJC_ARC = YES;
				CLANG_ENABLE_OBJC_WEAK = YES;
				CLANG_WARN_BLOCK_CAPTURE_AUTORELEASING = YES;
				CLANG_WARN_BOOL_CONVERSION = YES;
				CLANG_WARN_COMMA = YES;
				CLANG_WARN_CONSTANT_CONVERSION = YES;
				CLANG_WARN_DEPRECATED_OBJC_IMPLEMENTATIONS = YES;
				CLANG_WARN_DIRECT_OBJC_ISA_USAGE = YES_ERROR;
				CLANG_WARN_DOCUMENTATION_COMMENTS = YES;
				CLANG_WARN_EMPTY_BODY = YES;
				CLANG_WARN_ENUM_CONVERSION = YES;
				CLANG_WARN_INFINITE_RECURSION = YES;
				CLANG_WARN_INT_CONVERSION = YES;
				CLANG_WARN_NON_LITERAL_NULL_CONVERSION = YES;
				CLANG_WARN_OBJC_IMPLICIT_RETAIN_SELF = YES;
				CLANG_WARN_OBJC_LITERAL_CONVERSION = YES;
				CLANG_WARN_OBJC_ROOT_CLASS = YES_ERROR;
				CLANG_WARN_QUOTED_INCLUDE_IN_FRAMEWORK_HEADER = YES;
				CLANG_WARN_RANGE_LOOP_ANALYSIS = YES;
				CLANG_WARN_STRICT_PROTOTYPES = YES;
				CLANG_WARN_SUSPICIOUS_MOVE = YES;
				CLANG_WARN_UNGUARDED_AVAILABILITY = YES_AGGRESSIVE;
				CLANG_WARN_UNREACHABLE_CODE = YES;
				CLANG_WARN__DUPLICATE_METHOD_MATCH = YES;
				COPY_PHASE_STRIP = NO;
				DEBUG_INFORMATION_FORMAT = "dwarf-with-dsym";
				ENABLE_NS_ASSERTIONS = NO;
				ENABLE_STRICT_OBJC_MSGSEND = YES;
				ENABLE_USER_SCRIPT_SANDBOXING = YES;
				GCC_C_LANGUAGE_STANDARD = gnu17;
				GCC_NO_COMMON_BLOCKS = YES;
				GCC_WARN_64_TO_32_BIT_CONVERSION = YES;
				GCC_WARN_ABOUT_RETURN_TYPE = YES_ERROR;
				GCC_WARN_UNDECLARED_SELECTOR = YES;
				GCC_WARN_UNINITIALIZED_AUTOS = YES_AGGRESSIVE;
				GCC_WARN_UNUSED_FUNCTION = YES;
				GCC_WARN_UNUSED_VARIABLE = YES;
				IPHONEOS_DEPLOYMENT_TARGET = 17.0;
				LOCALIZATION_PREFERS_STRING_CATALOGS = YES;
				MTL_ENABLE_DEBUG_INFO = NO;
				MTL_FAST_MATH = YES;
				SDKROOT = iphoneos;
				SWIFT_COMPILATION_MODE = wholemodule;
				VALIDATE_PRODUCT = YES;
			};
			name = Release;
		};
		96401DF82AF4153E00B3AB8E /* Debug */ = {
			isa = XCBuildConfiguration;
			buildSettings = {
				ASSETCATALOG_COMPILER_APPICON_NAME = AppIcon;
				ASSETCATALOG_COMPILER_GLOBAL_ACCENT_COLOR_NAME = AccentColor;
				CODE_SIGN_STYLE = Automatic;
				CURRENT_PROJECT_VERSION = 1;
				DEVELOPMENT_TEAM = 7NLZ49VPJZ;
				GENERATE_INFOPLIST_FILE = YES;
				INFOPLIST_FILE = "dogs-images-api-consumer/Info.plist";
				INFOPLIST_KEY_UIApplicationSupportsIndirectInputEvents = YES;
				INFOPLIST_KEY_UILaunchStoryboardName = LaunchScreen;
				INFOPLIST_KEY_UISupportedInterfaceOrientations_iPad = "UIInterfaceOrientationPortrait UIInterfaceOrientationPortraitUpsideDown UIInterfaceOrientationLandscapeLeft UIInterfaceOrientationLandscapeRight";
				INFOPLIST_KEY_UISupportedInterfaceOrientations_iPhone = "UIInterfaceOrientationPortrait UIInterfaceOrientationLandscapeLeft UIInterfaceOrientationLandscapeRight";
				IPHONEOS_DEPLOYMENT_TARGET = 16.0;
				LD_RUNPATH_SEARCH_PATHS = (
					"$(inherited)",
					"@executable_path/Frameworks",
				);
				MARKETING_VERSION = 1.0;
				PRODUCT_BUNDLE_IDENTIFIER = "com.joabesantana.dogsImagesApiConsumer.dogs-images-api-consumer";
				PRODUCT_NAME = "$(TARGET_NAME)";
				SWIFT_EMIT_LOC_STRINGS = YES;
				SWIFT_VERSION = 5.0;
				TARGETED_DEVICE_FAMILY = "1,2";
			};
			name = Debug;
		};
		96401DF92AF4153E00B3AB8E /* Release */ = {
			isa = XCBuildConfiguration;
			buildSettings = {
				ASSETCATALOG_COMPILER_APPICON_NAME = AppIcon;
				ASSETCATALOG_COMPILER_GLOBAL_ACCENT_COLOR_NAME = AccentColor;
				CODE_SIGN_STYLE = Automatic;
				CURRENT_PROJECT_VERSION = 1;
				DEVELOPMENT_TEAM = 7NLZ49VPJZ;
				GENERATE_INFOPLIST_FILE = YES;
				INFOPLIST_FILE = "dogs-images-api-consumer/Info.plist";
				INFOPLIST_KEY_UIApplicationSupportsIndirectInputEvents = YES;
				INFOPLIST_KEY_UILaunchStoryboardName = LaunchScreen;
				INFOPLIST_KEY_UISupportedInterfaceOrientations_iPad = "UIInterfaceOrientationPortrait UIInterfaceOrientationPortraitUpsideDown UIInterfaceOrientationLandscapeLeft UIInterfaceOrientationLandscapeRight";
				INFOPLIST_KEY_UISupportedInterfaceOrientations_iPhone = "UIInterfaceOrientationPortrait UIInterfaceOrientationLandscapeLeft UIInterfaceOrientationLandscapeRight";
				IPHONEOS_DEPLOYMENT_TARGET = 16.0;
				LD_RUNPATH_SEARCH_PATHS = (
					"$(inherited)",
					"@executable_path/Frameworks",
				);
				MARKETING_VERSION = 1.0;
				PRODUCT_BUNDLE_IDENTIFIER = "com.joabesantana.dogsImagesApiConsumer.dogs-images-api-consumer";
				PRODUCT_NAME = "$(TARGET_NAME)";
				SWIFT_EMIT_LOC_STRINGS = YES;
				SWIFT_VERSION = 5.0;
				TARGETED_DEVICE_FAMILY = "1,2";
			};
			name = Release;
		};
/* End XCBuildConfiguration section */

/* Begin XCConfigurationList section */
		96401DDE2AF4153C00B3AB8E /* Build configuration list for PBXProject "dogs-images-api-consumer" */ = {
			isa = XCConfigurationList;
			buildConfigurations = (
				96401DF52AF4153E00B3AB8E /* Debug */,
				96401DF62AF4153E00B3AB8E /* Release */,
			);
			defaultConfigurationIsVisible = 0;
			defaultConfigurationName = Release;
		};
		96401DF72AF4153E00B3AB8E /* Build configuration list for PBXNativeTarget "dogs-images-api-consumer" */ = {
			isa = XCConfigurationList;
			buildConfigurations = (
				96401DF82AF4153E00B3AB8E /* Debug */,
				96401DF92AF4153E00B3AB8E /* Release */,
			);
			defaultConfigurationIsVisible = 0;
			defaultConfigurationName = Release;
		};
/* End XCConfigurationList section */
	};
	rootObject = 96401DDB2AF4153C00B3AB8E /* Project object */;
}
